
Microsoft Visual Studio Solution File, Format Version 12.00
# Visual Studio Version 16
VisualStudioVersion = 16.0.30225.117
MinimumVisualStudioVersion = 10.0.40219.1
Project("{9A19103F-16F7-4668-BE54-9A1E7A4F7556}") = "TutorialPoint", "TutorialPoint\TutorialPoint.csproj", "{2EF22B98-35FD-49AB-B5C7-0E40DE3BA673}"
EndProject
Project("{9A19103F-16F7-4668-BE54-9A1E7A4F7556}") = "CodeGenerator", "CodeGenerator\CodeGenerator.csproj", "{9FE5B4B4-D1A3-4968-B9CC-703BAF6457E6}"
EndProject
Project("{9A19103F-16F7-4668-BE54-9A1E7A4F7556}") = "Arrays", "HackerRank\Arrays.csproj", "{27C177DC-CE48-42E2-BAEA-25889E240A81}"
EndProject
Project("{2150E333-8FDC-42A3-9474-1A3956D46DE8}") = "HackerRank", "HackerRank", "{C1BF62A4-63FA-42F2-BAD3-5B736A483AEC}"
EndProject
Project("{9A19103F-16F7-4668-BE54-9A1E7A4F7556}") = "HashTables", "HashTable\HashTables.csproj", "{C53C1071-54C5-4C86-9C5A-52A319C0F8DF}"
EndProject
Project("{2150E333-8FDC-42A3-9474-1A3956D46DE8}") = "Helpers", "Helpers", "{09B33F6A-0384-46EE-A4FA-2B4E917F933D}"
EndProject
Project("{9A19103F-16F7-4668-BE54-9A1E7A4F7556}") = "FileManagemet", "FileManagemet\FileManagemet.csproj", "{177684F3-41C5-461E-84FE-2B7D3743B9E4}"
EndProject
Project("{2150E333-8FDC-42A3-9474-1A3956D46DE8}") = "CodeGenerator", "CodeGenerator", "{E150A55B-351D-441B-9E0C-3B29D8B0E277}"
EndProject
Project("{2150E333-8FDC-42A3-9474-1A3956D46DE8}") = "TutorialPoint", "TutorialPoint", "{116CAD6C-8659-4973-8F9A-D259E528734D}"
EndProject
Project("{2150E333-8FDC-42A3-9474-1A3956D46DE8}") = "DesignPatterns", "DesignPatterns", "{04889F73-7156-43D0-B7B6-7DF53276E382}"
EndProject
Project("{2150E333-8FDC-42A3-9474-1A3956D46DE8}") = "Creational", "Creational", "{755DABDC-47AA-43BF-87A7-F593AEEB1052}"
EndProject
Project("{9A19103F-16F7-4668-BE54-9A1E7A4F7556}") = "AbstractFactory", "AbstractFactory\AbstractFactory.csproj", "{F902721B-C66C-46E5-869F-F017E33A477A}"
EndProject
Project("{9A19103F-16F7-4668-BE54-9A1E7A4F7556}") = "FactoryMethod", "FactoryMethod\FactoryMethod.csproj", "{CF78EA2F-2BA7-4E7E-81C5-4B72950BA6DA}"
EndProject
Project("{2150E333-8FDC-42A3-9474-1A3956D46DE8}") = "DotNetTutorials", "DotNetTutorials", "{E0F61EC7-18C8-4CB1-836E-34100A8F2FAE}"
EndProject
Project("{9A19103F-16F7-4668-BE54-9A1E7A4F7556}") = "CSharp", "CSharp\CSharp.csproj", "{DACA3234-712B-4D76-9989-369474895F13}"
EndProject
Project("{2150E333-8FDC-42A3-9474-1A3956D46DE8}") = "Tools", "Tools", "{DA2A64AB-FBF3-4AE6-A126-D15AF044289D}"
EndProject
Project("{FAE04EC0-301F-11D3-BF4B-00C04F79EFBC}") = "CPU_Consumer", "CPU_Consumer\CPU_Consumer.csproj", "{E7B37D4C-F5A2-4805-AE43-ED6CC863AF1B}"
EndProject
Project("{6EC3EE1D-3C4E-46DD-8F32-0CC8E7565705}") = "FSharp", "FSharp\FSharp.fsproj", "{2D37E9CA-26F9-45E8-A45D-D95673BADC9D}"
EndProject
Project("{FAE04EC0-301F-11D3-BF4B-00C04F79EFBC}") = "CLS_CSharp", "CLS_CSharp\CLS_CSharp.csproj", "{BC16E20C-1F19-449C-85F5-AB09BB5DE47F}"
EndProject
Project("{F184B08F-C81C-45F6-A57F-5ABD9991F28F}") = "CLS_VB", "CLS_VB\CLS_VB.vbproj", "{1A7FA7CA-BFBF-4501-819A-A9155005B285}"
EndProject
Project("{9A19103F-16F7-4668-BE54-9A1E7A4F7556}") = "StaticKeyowrdDemo", "StaticKeyowrdDemo\StaticKeyowrdDemo.csproj", "{A32510AB-0B96-40EF-8BD6-3522D7C06D3A}"
EndProject
Project("{9A19103F-16F7-4668-BE54-9A1E7A4F7556}") = "AccessSpecifierDemo", "AccessSpecifierDemo\AccessSpecifierDemo.csproj", "{85381F51-39BF-413E-AFCF-796FE5EF4708}"
EndProject
Project("{9A19103F-16F7-4668-BE54-9A1E7A4F7556}") = "AssemblyOne", "AssemblyOne\AssemblyOne.csproj", "{8D9FB95D-A6F6-4BB7-B2E0-35FC7805A9C0}"
EndProject
Project("{9A19103F-16F7-4668-BE54-9A1E7A4F7556}") = "AssemblyTwo", "AssemblyTwo\AssemblyTwo.csproj", "{5FEDABBE-4220-479E-935C-F4521436B060}"
EndProject
Project("{9A19103F-16F7-4668-BE54-9A1E7A4F7556}") = "CSharp_7_NewFeatures", "CSharp_7_NewFeatures\CSharp_7_NewFeatures.csproj", "{80172255-15CE-45E6-BE08-FE07B3B36491}"
EndProject
Project("{FAE04EC0-301F-11D3-BF4B-00C04F79EFBC}") = "Statistical", "Statistical\Statistical.csproj", "{0726CFA4-BE40-46A7-9927-F8B8E6EEE453}"
EndProject
Global
	GlobalSection(SolutionConfigurationPlatforms) = preSolution
		Debug|Any CPU = Debug|Any CPU
		Release|Any CPU = Release|Any CPU
	EndGlobalSection
	GlobalSection(ProjectConfigurationPlatforms) = postSolution
		{2EF22B98-35FD-49AB-B5C7-0E40DE3BA673}.Debug|Any CPU.ActiveCfg = Debug|Any CPU
		{2EF22B98-35FD-49AB-B5C7-0E40DE3BA673}.Debug|Any CPU.Build.0 = Debug|Any CPU
		{2EF22B98-35FD-49AB-B5C7-0E40DE3BA673}.Release|Any CPU.ActiveCfg = Release|Any CPU
		{2EF22B98-35FD-49AB-B5C7-0E40DE3BA673}.Release|Any CPU.Build.0 = Release|Any CPU
		{9FE5B4B4-D1A3-4968-B9CC-703BAF6457E6}.Debug|Any CPU.ActiveCfg = Debug|Any CPU
		{9FE5B4B4-D1A3-4968-B9CC-703BAF6457E6}.Debug|Any CPU.Build.0 = Debug|Any CPU
		{9FE5B4B4-D1A3-4968-B9CC-703BAF6457E6}.Release|Any CPU.ActiveCfg = Release|Any CPU
		{9FE5B4B4-D1A3-4968-B9CC-703BAF6457E6}.Release|Any CPU.Build.0 = Release|Any CPU
		{27C177DC-CE48-42E2-BAEA-25889E240A81}.Debug|Any CPU.ActiveCfg = Debug|Any CPU
		{27C177DC-CE48-42E2-BAEA-25889E240A81}.Debug|Any CPU.Build.0 = Debug|Any CPU
		{27C177DC-CE48-42E2-BAEA-25889E240A81}.Release|Any CPU.ActiveCfg = Release|Any CPU
		{27C177DC-CE48-42E2-BAEA-25889E240A81}.Release|Any CPU.Build.0 = Release|Any CPU
		{C53C1071-54C5-4C86-9C5A-52A319C0F8DF}.Debug|Any CPU.ActiveCfg = Debug|Any CPU
		{C53C1071-54C5-4C86-9C5A-52A319C0F8DF}.Debug|Any CPU.Build.0 = Debug|Any CPU
		{C53C1071-54C5-4C86-9C5A-52A319C0F8DF}.Release|Any CPU.ActiveCfg = Release|Any CPU
		{C53C1071-54C5-4C86-9C5A-52A319C0F8DF}.Release|Any CPU.Build.0 = Release|Any CPU
		{177684F3-41C5-461E-84FE-2B7D3743B9E4}.Debug|Any CPU.ActiveCfg = Debug|Any CPU
		{177684F3-41C5-461E-84FE-2B7D3743B9E4}.Debug|Any CPU.Build.0 = Debug|Any CPU
		{177684F3-41C5-461E-84FE-2B7D3743B9E4}.Release|Any CPU.ActiveCfg = Release|Any CPU
		{177684F3-41C5-461E-84FE-2B7D3743B9E4}.Release|Any CPU.Build.0 = Release|Any CPU
		{F902721B-C66C-46E5-869F-F017E33A477A}.Debug|Any CPU.ActiveCfg = Debug|Any CPU
		{F902721B-C66C-46E5-869F-F017E33A477A}.Debug|Any CPU.Build.0 = Debug|Any CPU
		{F902721B-C66C-46E5-869F-F017E33A477A}.Release|Any CPU.ActiveCfg = Release|Any CPU
		{F902721B-C66C-46E5-869F-F017E33A477A}.Release|Any CPU.Build.0 = Release|Any CPU
		{CF78EA2F-2BA7-4E7E-81C5-4B72950BA6DA}.Debug|Any CPU.ActiveCfg = Debug|Any CPU
		{CF78EA2F-2BA7-4E7E-81C5-4B72950BA6DA}.Debug|Any CPU.Build.0 = Debug|Any CPU
		{CF78EA2F-2BA7-4E7E-81C5-4B72950BA6DA}.Release|Any CPU.ActiveCfg = Release|Any CPU
		{CF78EA2F-2BA7-4E7E-81C5-4B72950BA6DA}.Release|Any CPU.Build.0 = Release|Any CPU
		{DACA3234-712B-4D76-9989-369474895F13}.Debug|Any CPU.ActiveCfg = Debug|Any CPU
		{DACA3234-712B-4D76-9989-369474895F13}.Debug|Any CPU.Build.0 = Debug|Any CPU
		{DACA3234-712B-4D76-9989-369474895F13}.Release|Any CPU.ActiveCfg = Release|Any CPU
		{DACA3234-712B-4D76-9989-369474895F13}.Release|Any CPU.Build.0 = Release|Any CPU
		{E7B37D4C-F5A2-4805-AE43-ED6CC863AF1B}.Debug|Any CPU.ActiveCfg = Debug|Any CPU
		{E7B37D4C-F5A2-4805-AE43-ED6CC863AF1B}.Debug|Any CPU.Build.0 = Debug|Any CPU
		{E7B37D4C-F5A2-4805-AE43-ED6CC863AF1B}.Release|Any CPU.ActiveCfg = Release|Any CPU
		{E7B37D4C-F5A2-4805-AE43-ED6CC863AF1B}.Release|Any CPU.Build.0 = Release|Any CPU
		{2D37E9CA-26F9-45E8-A45D-D95673BADC9D}.Debug|Any CPU.ActiveCfg = Debug|Any CPU
		{2D37E9CA-26F9-45E8-A45D-D95673BADC9D}.Debug|Any CPU.Build.0 = Debug|Any CPU
		{2D37E9CA-26F9-45E8-A45D-D95673BADC9D}.Release|Any CPU.ActiveCfg = Release|Any CPU
		{2D37E9CA-26F9-45E8-A45D-D95673BADC9D}.Release|Any CPU.Build.0 = Release|Any CPU
		{BC16E20C-1F19-449C-85F5-AB09BB5DE47F}.Debug|Any CPU.ActiveCfg = Debug|Any CPU
		{BC16E20C-1F19-449C-85F5-AB09BB5DE47F}.Debug|Any CPU.Build.0 = Debug|Any CPU
		{BC16E20C-1F19-449C-85F5-AB09BB5DE47F}.Release|Any CPU.ActiveCfg = Release|Any CPU
		{BC16E20C-1F19-449C-85F5-AB09BB5DE47F}.Release|Any CPU.Build.0 = Release|Any CPU
		{1A7FA7CA-BFBF-4501-819A-A9155005B285}.Debug|Any CPU.ActiveCfg = Debug|Any CPU
		{1A7FA7CA-BFBF-4501-819A-A9155005B285}.Debug|Any CPU.Build.0 = Debug|Any CPU
		{1A7FA7CA-BFBF-4501-819A-A9155005B285}.Release|Any CPU.ActiveCfg = Release|Any CPU
		{1A7FA7CA-BFBF-4501-819A-A9155005B285}.Release|Any CPU.Build.0 = Release|Any CPU
		{A32510AB-0B96-40EF-8BD6-3522D7C06D3A}.Debug|Any CPU.ActiveCfg = Debug|Any CPU
		{A32510AB-0B96-40EF-8BD6-3522D7C06D3A}.Debug|Any CPU.Build.0 = Debug|Any CPU
		{A32510AB-0B96-40EF-8BD6-3522D7C06D3A}.Release|Any CPU.ActiveCfg = Release|Any CPU
		{A32510AB-0B96-40EF-8BD6-3522D7C06D3A}.Release|Any CPU.Build.0 = Release|Any CPU
		{85381F51-39BF-413E-AFCF-796FE5EF4708}.Debug|Any CPU.ActiveCfg = Debug|Any CPU
		{85381F51-39BF-413E-AFCF-796FE5EF4708}.Debug|Any CPU.Build.0 = Debug|Any CPU
		{85381F51-39BF-413E-AFCF-796FE5EF4708}.Release|Any CPU.ActiveCfg = Release|Any CPU
		{85381F51-39BF-413E-AFCF-796FE5EF4708}.Release|Any CPU.Build.0 = Release|Any CPU
		{8D9FB95D-A6F6-4BB7-B2E0-35FC7805A9C0}.Debug|Any CPU.ActiveCfg = Debug|Any CPU
		{8D9FB95D-A6F6-4BB7-B2E0-35FC7805A9C0}.Debug|Any CPU.Build.0 = Debug|Any CPU
		{8D9FB95D-A6F6-4BB7-B2E0-35FC7805A9C0}.Release|Any CPU.ActiveCfg = Release|Any CPU
		{8D9FB95D-A6F6-4BB7-B2E0-35FC7805A9C0}.Release|Any CPU.Build.0 = Release|Any CPU
		{5FEDABBE-4220-479E-935C-F4521436B060}.Debug|Any CPU.ActiveCfg = Debug|Any CPU
		{5FEDABBE-4220-479E-935C-F4521436B060}.Debug|Any CPU.Build.0 = Debug|Any CPU
		{5FEDABBE-4220-479E-935C-F4521436B060}.Release|Any CPU.ActiveCfg = Release|Any CPU
		{5FEDABBE-4220-479E-935C-F4521436B060}.Release|Any CPU.Build.0 = Release|Any CPU
		{80172255-15CE-45E6-BE08-FE07B3B36491}.Debug|Any CPU.ActiveCfg = Debug|Any CPU
		{80172255-15CE-45E6-BE08-FE07B3B36491}.Debug|Any CPU.Build.0 = Debug|Any CPU
		{80172255-15CE-45E6-BE08-FE07B3B36491}.Release|Any CPU.ActiveCfg = Release|Any CPU
		{80172255-15CE-45E6-BE08-FE07B3B36491}.Release|Any CPU.Build.0 = Release|Any CPU
		{0726CFA4-BE40-46A7-9927-F8B8E6EEE453}.Debug|Any CPU.ActiveCfg = Debug|Any CPU
		{0726CFA4-BE40-46A7-9927-F8B8E6EEE453}.Debug|Any CPU.Build.0 = Debug|Any CPU
		{0726CFA4-BE40-46A7-9927-F8B8E6EEE453}.Release|Any CPU.ActiveCfg = Release|Any CPU
		{0726CFA4-BE40-46A7-9927-F8B8E6EEE453}.Release|Any CPU.Build.0 = Release|Any CPU
	EndGlobalSection
	GlobalSection(SolutionProperties) = preSolution
		HideSolutionNode = FALSE
	EndGlobalSection
	GlobalSection(NestedProjects) = preSolution
		{2EF22B98-35FD-49AB-B5C7-0E40DE3BA673} = {116CAD6C-8659-4973-8F9A-D259E528734D}
		{9FE5B4B4-D1A3-4968-B9CC-703BAF6457E6} = {E150A55B-351D-441B-9E0C-3B29D8B0E277}
		{27C177DC-CE48-42E2-BAEA-25889E240A81} = {C1BF62A4-63FA-42F2-BAD3-5B736A483AEC}
		{C53C1071-54C5-4C86-9C5A-52A319C0F8DF} = {C1BF62A4-63FA-42F2-BAD3-5B736A483AEC}
		{177684F3-41C5-461E-84FE-2B7D3743B9E4} = {09B33F6A-0384-46EE-A4FA-2B4E917F933D}
		{755DABDC-47AA-43BF-87A7-F593AEEB1052} = {04889F73-7156-43D0-B7B6-7DF53276E382}
		{F902721B-C66C-46E5-869F-F017E33A477A} = {755DABDC-47AA-43BF-87A7-F593AEEB1052}
		{CF78EA2F-2BA7-4E7E-81C5-4B72950BA6DA} = {755DABDC-47AA-43BF-87A7-F593AEEB1052}
		{DACA3234-712B-4D76-9989-369474895F13} = {E0F61EC7-18C8-4CB1-836E-34100A8F2FAE}
		{E7B37D4C-F5A2-4805-AE43-ED6CC863AF1B} = {DA2A64AB-FBF3-4AE6-A126-D15AF044289D}
		{2D37E9CA-26F9-45E8-A45D-D95673BADC9D} = {E0F61EC7-18C8-4CB1-836E-34100A8F2FAE}
		{BC16E20C-1F19-449C-85F5-AB09BB5DE47F} = {E0F61EC7-18C8-4CB1-836E-34100A8F2FAE}
		{1A7FA7CA-BFBF-4501-819A-A9155005B285} = {E0F61EC7-18C8-4CB1-836E-34100A8F2FAE}
		{A32510AB-0B96-40EF-8BD6-3522D7C06D3A} = {E0F61EC7-18C8-4CB1-836E-34100A8F2FAE}
		{85381F51-39BF-413E-AFCF-796FE5EF4708} = {E0F61EC7-18C8-4CB1-836E-34100A8F2FAE}
		{8D9FB95D-A6F6-4BB7-B2E0-35FC7805A9C0} = {E0F61EC7-18C8-4CB1-836E-34100A8F2FAE}
		{5FEDABBE-4220-479E-935C-F4521436B060} = {E0F61EC7-18C8-4CB1-836E-34100A8F2FAE}
		{80172255-15CE-45E6-BE08-FE07B3B36491} = {E0F61EC7-18C8-4CB1-836E-34100A8F2FAE}
		{0726CFA4-BE40-46A7-9927-F8B8E6EEE453} = {C1BF62A4-63FA-42F2-BAD3-5B736A483AEC}
	EndGlobalSection
	GlobalSection(ExtensibilityGlobals) = postSolution
		SolutionGuid = {B5167C87-747C-42F0-A1CC-04F82F3FB3B7}
	EndGlobalSection
EndGlobal
